{
	"name": "aurelia-client",
	"version": "2.3.5",
	"lockfileVersion": 1,
	"requires": true,
	"dependencies": {
		"@types/lodash": {
			"version": "4.14.177",
			"resolved": "https://registry.npmjs.org/@types/lodash/-/lodash-4.14.177.tgz",
			"integrity": "sha512-0fDwydE2clKe9MNfvXHBHF9WEahRuj+msTuQqOmAApNORFvhMYZKNGGJdCzuhheVjMps/ti0Ak/iJPACMaevvw==",
			"dev": true
		},
		"@types/vscode": {
			"version": "1.51.0",
			"resolved": "https://registry.npmjs.org/@types/vscode/-/vscode-1.51.0.tgz",
			"integrity": "sha512-C/jZ35OT5k/rsJyAK8mS1kM++vMcm89oSWegkzxRCvHllIq0cToZAkIDs6eCY4SKrvik3nrhELizyLcM0onbQA==",
			"dev": true
		},
		"lodash": {
			"version": "4.17.21",
			"resolved": "https://registry.npmjs.org/lodash/-/lodash-4.17.21.tgz",
			"integrity": "sha512-v2kDEe57lecTulaDIuNTPy3Ry4gLGJ6Z1O3vE1krgXZNrsQ+LFTGHVxVjcXPs17LhbZVGedAJv8XZ1tvj5FvSg=="
		},
		"semver": {
			"version": "6.3.0",
			"resolved": "https://registry.npmjs.org/semver/-/semver-6.3.0.tgz",
			"integrity": "sha512-b39TBaTSfV6yBrapU89p5fKekE2m/NwnDocOVruQFS1/veMgdzuPcnOM34M6CwxW8jH/lxEa5rBoDeUwu5HHTw=="
		},
		"vscode-jsonrpc": {
			"version": "5.0.1",
			"resolved": "https://registry.npmjs.org/vscode-jsonrpc/-/vscode-jsonrpc-5.0.1.tgz",
			"integrity": "sha512-JvONPptw3GAQGXlVV2utDcHx0BiY34FupW/kI6mZ5x06ER5DdPG/tXWMVHjTNULF5uKPOUUD0SaXg5QaubJL0A=="
		},
		"vscode-languageclient": {
			"version": "6.1.4",
			"resolved": "https://registry.npmjs.org/vscode-languageclient/-/vscode-languageclient-6.1.4.tgz",
			"integrity": "sha512-EUOU+bJu6axmt0RFNo3nrglQLPXMfanbYViJee3Fbn2VuQoX0ZOI4uTYhSRvYLP2vfwTP/juV62P/mksCdTZMA==",
			"requires": {
				"semver": "^6.3.0",
				"vscode-languageserver-protocol": "3.15.3"
			}
		},
		"vscode-languageserver-protocol": {
			"version": "3.15.3",
			"resolved": "https://registry.npmjs.org/vscode-languageserver-protocol/-/vscode-languageserver-protocol-3.15.3.tgz",
			"integrity": "sha512-zrMuwHOAQRhjDSnflWdJG+O2ztMWss8GqUUB8dXLR/FPenwkiBNkMIJJYfSN6sgskvsF0rHAoBowNQfbyZnnvw==",
			"requires": {
				"vscode-jsonrpc": "^5.0.1",
				"vscode-languageserver-types": "3.15.1"
			}
		},
		"vscode-languageserver-types": {
			"version": "3.15.1",
			"resolved": "https://registry.npmjs.org/vscode-languageserver-types/-/vscode-languageserver-types-3.15.1.tgz",
			"integrity": "sha512-+a9MPUQrNGRrGU630OGbYVQ+11iOIovjCkqxajPa9w57Sd5ruK8WQNsslzpa0x/QJqC8kRc2DUxWjIFwoNm4ZQ=="
		}
	}
}
