{
	"name": "aurelia",
	"version": "2.0.6",
	"lockfileVersion": 2,
	"requires": true,
	"packages": {
		"": {
			"name": "aurelia",
			"version": "2.0.6",
			"license": "MIT",
			"dependencies": {
				"lodash": "^4.17.21",
				"parse5": "^6.0.1",
				"parse5-sax-parser": "^6.0.1"
			},
			"devDependencies": {
				"@types/lodash": "^4.14.168",
				"@types/parse5": "^5.0.3",
				"@types/parse5-sax-parser": "^5.0.1"
			},
			"engines": {
				"node": "*"
			}
		},
		"node_modules/@types/lodash": {
			"version": "4.14.168",
			"resolved": "https://registry.npmjs.org/@types/lodash/-/lodash-4.14.168.tgz",
			"integrity": "sha512-oVfRvqHV/V6D1yifJbVRU3TMp8OT6o6BG+U9MkwuJ3U8/CsDHvalRpsxBqivn71ztOFZBTfJMvETbqHiaNSj7Q==",
			"dev": true
		},
		"node_modules/@types/node": {
			"version": "14.14.31",
			"resolved": "https://registry.npmjs.org/@types/node/-/node-14.14.31.tgz",
			"integrity": "sha512-vFHy/ezP5qI0rFgJ7aQnjDXwAMrG0KqqIH7tQG5PPv3BWBayOPIQNBjVc/P6hhdZfMx51REc6tfDNXHUio893g==",
			"dev": true
		},
		"node_modules/@types/parse5": {
			"version": "5.0.3",
			"resolved": "https://registry.npmjs.org/@types/parse5/-/parse5-5.0.3.tgz",
			"integrity": "sha512-kUNnecmtkunAoQ3CnjmMkzNU/gtxG8guhi+Fk2U/kOpIKjIMKnXGp4IJCgQJrXSgMsWYimYG4TGjz/UzbGEBTw==",
			"dev": true
		},
		"node_modules/@types/parse5-sax-parser": {
			"version": "5.0.1",
			"resolved": "https://registry.npmjs.org/@types/parse5-sax-parser/-/parse5-sax-parser-5.0.1.tgz",
			"integrity": "sha512-wBEwg10aACLggnb44CwzAA27M1Jrc/8TR16zA61/rKO5XZoi7JSfLjdpXbshsm7wOlM6hpfvwygh40rzM2RsQQ==",
			"dev": true,
			"dependencies": {
				"@types/node": "*",
				"@types/parse5": "*"
			}
		},
		"node_modules/lodash": {
			"version": "4.17.21",
			"resolved": "https://registry.npmjs.org/lodash/-/lodash-4.17.21.tgz",
			"integrity": "sha512-v2kDEe57lecTulaDIuNTPy3Ry4gLGJ6Z1O3vE1krgXZNrsQ+LFTGHVxVjcXPs17LhbZVGedAJv8XZ1tvj5FvSg=="
		},
		"node_modules/parse5": {
			"version": "6.0.1",
			"resolved": "https://registry.npmjs.org/parse5/-/parse5-6.0.1.tgz",
			"integrity": "sha512-Ofn/CTFzRGTTxwpNEs9PP93gXShHcTq255nzRYSKe8AkVpZY7e1fpmTfOyoIvjP5HG7Z2ZM7VS9PPhQGW2pOpw=="
		},
		"node_modules/parse5-sax-parser": {
			"version": "6.0.1",
			"resolved": "https://registry.npmjs.org/parse5-sax-parser/-/parse5-sax-parser-6.0.1.tgz",
			"integrity": "sha512-kXX+5S81lgESA0LsDuGjAlBybImAChYRMT+/uKCEXFBFOeEhS52qUCydGhU3qLRD8D9DVjaUo821WK7DM4iCeg==",
			"dependencies": {
				"parse5": "^6.0.1"
			}
		}
	},
	"dependencies": {
		"@types/lodash": {
			"version": "4.14.168",
			"resolved": "https://registry.npmjs.org/@types/lodash/-/lodash-4.14.168.tgz",
			"integrity": "sha512-oVfRvqHV/V6D1yifJbVRU3TMp8OT6o6BG+U9MkwuJ3U8/CsDHvalRpsxBqivn71ztOFZBTfJMvETbqHiaNSj7Q==",
			"dev": true
		},
		"@types/node": {
			"version": "14.14.31",
			"resolved": "https://registry.npmjs.org/@types/node/-/node-14.14.31.tgz",
			"integrity": "sha512-vFHy/ezP5qI0rFgJ7aQnjDXwAMrG0KqqIH7tQG5PPv3BWBayOPIQNBjVc/P6hhdZfMx51REc6tfDNXHUio893g==",
			"dev": true
		},
		"@types/parse5": {
			"version": "5.0.3",
			"resolved": "https://registry.npmjs.org/@types/parse5/-/parse5-5.0.3.tgz",
			"integrity": "sha512-kUNnecmtkunAoQ3CnjmMkzNU/gtxG8guhi+Fk2U/kOpIKjIMKnXGp4IJCgQJrXSgMsWYimYG4TGjz/UzbGEBTw==",
			"dev": true
		},
		"@types/parse5-sax-parser": {
			"version": "5.0.1",
			"resolved": "https://registry.npmjs.org/@types/parse5-sax-parser/-/parse5-sax-parser-5.0.1.tgz",
			"integrity": "sha512-wBEwg10aACLggnb44CwzAA27M1Jrc/8TR16zA61/rKO5XZoi7JSfLjdpXbshsm7wOlM6hpfvwygh40rzM2RsQQ==",
			"dev": true,
			"requires": {
				"@types/node": "*",
				"@types/parse5": "*"
			}
		},
		"lodash": {
			"version": "4.17.21",
			"resolved": "https://registry.npmjs.org/lodash/-/lodash-4.17.21.tgz",
			"integrity": "sha512-v2kDEe57lecTulaDIuNTPy3Ry4gLGJ6Z1O3vE1krgXZNrsQ+LFTGHVxVjcXPs17LhbZVGedAJv8XZ1tvj5FvSg=="
		},
		"parse5": {
			"version": "6.0.1",
			"resolved": "https://registry.npmjs.org/parse5/-/parse5-6.0.1.tgz",
			"integrity": "sha512-Ofn/CTFzRGTTxwpNEs9PP93gXShHcTq255nzRYSKe8AkVpZY7e1fpmTfOyoIvjP5HG7Z2ZM7VS9PPhQGW2pOpw=="
		},
		"parse5-sax-parser": {
			"version": "6.0.1",
			"resolved": "https://registry.npmjs.org/parse5-sax-parser/-/parse5-sax-parser-6.0.1.tgz",
			"integrity": "sha512-kXX+5S81lgESA0LsDuGjAlBybImAChYRMT+/uKCEXFBFOeEhS52qUCydGhU3qLRD8D9DVjaUo821WK7DM4iCeg==",
			"requires": {
				"parse5": "^6.0.1"
			}
		}
	}
}
