# THIS IS AN AUTOGENERATED FILE. DO NOT EDIT THIS FILE DIRECTLY.
# yarn lockfile v1


"@types/lodash@^4.14.168":
  version "4.14.168"
  resolved "https://registry.yarnpkg.com/@types/lodash/-/lodash-4.14.168.tgz#fe24632e79b7ade3f132891afff86caa5e5ce008"
  integrity sha512-oVfRvqHV/V6D1yifJbVRU3TMp8OT6o6BG+U9MkwuJ3U8/CsDHvalRpsxBqivn71ztOFZBTfJMvETbqHiaNSj7Q==

"@types/node@*":
  version "14.14.9"
  resolved "https://registry.yarnpkg.com/@types/node/-/node-14.14.9.tgz#04afc9a25c6ff93da14deabd65dc44485b53c8d6"
  integrity sha512-JsoLXFppG62tWTklIoO4knA+oDTYsmqWxHRvd4lpmfQRNhX6osheUOWETP2jMoV/2bEHuMra8Pp3Dmo/stBFcw==

"@types/parse5-sax-parser@^5.0.1":
  version "5.0.1"
  resolved "https://registry.yarnpkg.com/@types/parse5-sax-parser/-/parse5-sax-parser-5.0.1.tgz#f1e26e82bb09e48cb0c16ff6d1e88aea1e538fd5"
  integrity sha512-wBEwg10aACLggnb44CwzAA27M1Jrc/8TR16zA61/rKO5XZoi7JSfLjdpXbshsm7wOlM6hpfvwygh40rzM2RsQQ==
  dependencies:
    "@types/node" "*"
    "@types/parse5" "*"

"@types/parse5@*", "@types/parse5@^5.0.3":
  version "5.0.3"
  resolved "https://registry.yarnpkg.com/@types/parse5/-/parse5-5.0.3.tgz#e7b5aebbac150f8b5fdd4a46e7f0bd8e65e19109"
  integrity sha512-kUNnecmtkunAoQ3CnjmMkzNU/gtxG8guhi+Fk2U/kOpIKjIMKnXGp4IJCgQJrXSgMsWYimYG4TGjz/UzbGEBTw==

lodash@^4.17.20:
  version "4.17.20"
  resolved "https://registry.yarnpkg.com/lodash/-/lodash-4.17.20.tgz#b44a9b6297bcb698f1c51a3545a2b3b368d59c52"
  integrity sha512-PlhdFcillOINfeV7Ni6oF1TAEayyZBoZ8bcshTHqOYJYlrqzRK5hagpagky5o4HfCzzd1TRkXPMFq6cKk9rGmA==

parse5-sax-parser@^6.0.1:
  version "6.0.1"
  resolved "https://registry.yarnpkg.com/parse5-sax-parser/-/parse5-sax-parser-6.0.1.tgz#98b4d366b5b266a7cd90b4b58906667af882daba"
  integrity sha512-kXX+5S81lgESA0LsDuGjAlBybImAChYRMT+/uKCEXFBFOeEhS52qUCydGhU3qLRD8D9DVjaUo821WK7DM4iCeg==
  dependencies:
    parse5 "^6.0.1"

parse5@^6.0.1:
  version "6.0.1"
  resolved "https://registry.yarnpkg.com/parse5/-/parse5-6.0.1.tgz#e1a1c085c569b3dc08321184f19a39cc27f7c30b"
  integrity sha512-Ofn/CTFzRGTTxwpNEs9PP93gXShHcTq255nzRYSKe8AkVpZY7e1fpmTfOyoIvjP5HG7Z2ZM7VS9PPhQGW2pOpw==
